
Microsoft Visual Studio Solution File, Format Version 12.00
# Visual Studio 2013
VisualStudioVersion = 12.0.40629.0
MinimumVisualStudioVersion = 10.0.40219.1
Project("{FAE04EC0-301F-11D3-BF4B-00C04F79EFBC}") = "CheckCoimcDataList", "CheckCoimcDataList\CheckCoimcDataList.csproj", "{A71EC399-24D8-4862-9E0F-0198CBCB5B0C}"
EndProject
Project("{FAE04EC0-301F-11D3-BF4B-00C04F79EFBC}") = "MergeComic", "MergeComic\MergeComic.csproj", "{A2B84115-893A-4A80-83A1-CB972213CCEA}"
EndProject
Project("{2150E333-8FDC-42A3-9474-1A3956D46DE8}") = ".nuget", ".nuget", "{F1E68B11-4B79-416A-8F45-BBF081A65AA5}"
	ProjectSection(SolutionItems) = preProject
		.nuget\packages.config = .nuget\packages.config
	EndProjectSection
EndProject
Global
	GlobalSection(SolutionConfigurationPlatforms) = preSolution
		Debug|Any CPU = Debug|Any CPU
		Debug|x64 = Debug|x64
		Debug|x86 = Debug|x86
		Release|Any CPU = Release|Any CPU
		Release|x64 = Release|x64
		Release|x86 = Release|x86
	EndGlobalSection
	GlobalSection(ProjectConfigurationPlatforms) = postSolution
		{A71EC399-24D8-4862-9E0F-0198CBCB5B0C}.Debug|Any CPU.ActiveCfg = Debug|x64
		{A71EC399-24D8-4862-9E0F-0198CBCB5B0C}.Debug|Any CPU.Build.0 = Debug|x64
		{A71EC399-24D8-4862-9E0F-0198CBCB5B0C}.Debug|x64.ActiveCfg = Debug|x64
		{A71EC399-24D8-4862-9E0F-0198CBCB5B0C}.Debug|x64.Build.0 = Debug|x64
		{A71EC399-24D8-4862-9E0F-0198CBCB5B0C}.Debug|x86.ActiveCfg = Debug|x86
		{A71EC399-24D8-4862-9E0F-0198CBCB5B0C}.Debug|x86.Build.0 = Debug|x86
		{A71EC399-24D8-4862-9E0F-0198CBCB5B0C}.Release|Any CPU.ActiveCfg = Release|Any CPU
		{A71EC399-24D8-4862-9E0F-0198CBCB5B0C}.Release|Any CPU.Build.0 = Release|Any CPU
		{A71EC399-24D8-4862-9E0F-0198CBCB5B0C}.Release|x64.ActiveCfg = Release|x64
		{A71EC399-24D8-4862-9E0F-0198CBCB5B0C}.Release|x64.Build.0 = Release|x64
		{A71EC399-24D8-4862-9E0F-0198CBCB5B0C}.Release|x86.ActiveCfg = Release|x86
		{A71EC399-24D8-4862-9E0F-0198CBCB5B0C}.Release|x86.Build.0 = Release|x86
		{A2B84115-893A-4A80-83A1-CB972213CCEA}.Debug|Any CPU.ActiveCfg = Debug|x64
		{A2B84115-893A-4A80-83A1-CB972213CCEA}.Debug|Any CPU.Build.0 = Debug|x64
		{A2B84115-893A-4A80-83A1-CB972213CCEA}.Debug|x64.ActiveCfg = Debug|x64
		{A2B84115-893A-4A80-83A1-CB972213CCEA}.Debug|x64.Build.0 = Debug|x64
		{A2B84115-893A-4A80-83A1-CB972213CCEA}.Debug|x86.ActiveCfg = Debug|x86
		{A2B84115-893A-4A80-83A1-CB972213CCEA}.Debug|x86.Build.0 = Debug|x86
		{A2B84115-893A-4A80-83A1-CB972213CCEA}.Release|Any CPU.ActiveCfg = Release|Any CPU
		{A2B84115-893A-4A80-83A1-CB972213CCEA}.Release|Any CPU.Build.0 = Release|Any CPU
		{A2B84115-893A-4A80-83A1-CB972213CCEA}.Release|x64.ActiveCfg = Release|Any CPU
		{A2B84115-893A-4A80-83A1-CB972213CCEA}.Release|x86.ActiveCfg = Release|Any CPU
	EndGlobalSection
	GlobalSection(SolutionProperties) = preSolution
		HideSolutionNode = FALSE
	EndGlobalSection
EndGlobal
